
Microsoft Visual Studio Solution File, Format Version 12.00
# Visual Studio Version 17
VisualStudioVersion = 17.0.32014.148
MinimumVisualStudioVersion = 10.0.40219.1
Project("{FAE04EC0-301F-11D3-BF4B-00C04F79EFBC}") = "ProjetoCourses", "ProjetoCourses.csproj", "{88503862-00E6-463B-9652-8E41283D56F2}"
EndProject
Global
	GlobalSection(SolutionConfigurationPlatforms) = preSolution
		Debug|Any CPU = Debug|Any CPU
		Release|Any CPU = Release|Any CPU
	EndGlobalSection
	GlobalSection(ProjectConfigurationPlatforms) = postSolution
		{88503862-00E6-463B-9652-8E41283D56F2}.Debug|Any CPU.ActiveCfg = Debug|Any CPU
		{88503862-00E6-463B-9652-8E41283D56F2}.Debug|Any CPU.Build.0 = Debug|Any CPU
		{88503862-00E6-463B-9652-8E41283D56F2}.Release|Any CPU.ActiveCfg = Release|Any CPU
		{88503862-00E6-463B-9652-8E41283D56F2}.Release|Any CPU.Build.0 = Release|Any CPU
	EndGlobalSection
	GlobalSection(SolutionProperties) = preSolution
		HideSolutionNode = FALSE
	EndGlobalSection
	GlobalSection(ExtensibilityGlobals) = postSolution
		SolutionGuid = {F2B44B57-2EE1-41C7-9D62-AB4ADFEBCF74}
	EndGlobalSection
EndGlobal
